{
  "pins" : [
    {
      "identity" : "amber",
      "kind" : "remoteSourceControl",
      "location" : "https://github.com/OperatorFoundation/Amber",
      "state" : {
        "branch" : "main",
        "revision" : "66b2f0c8bf2f1d736c482178bb9bc37a92c97139"
      }
    },
    {
      "identity" : "antiphony",
      "kind" : "remoteSourceControl",
      "location" : "https://github.com/OperatorFoundation/Antiphony",
      "state" : {
        "branch" : "main",
        "revision" : "f330ef99689b5c4dcfc558850f9bd7be730eaec7"
      }
    },
    {
      "identity" : "arcadia",
      "kind" : "remoteSourceControl",
      "location" : "https://github.com/OperatorFoundation/Arcadia",
      "state" : {
        "branch" : "main",
        "revision" : "c2ea808b74737275b9813aab9ed297c7bc20ecc7"
      }
    },
    {
      "identity" : "bits",
      "kind" : "remoteSourceControl",
      "location" : "https://github.com/OperatorFoundation/Bits",
      "state" : {
        "branch" : "main",
        "revision" : "bf60b26441a60f48651b1646e4c348b1b2d0b804"
      }
    },
    {
      "identity" : "chord",
      "kind" : "remoteSourceControl",
      "location" : "https://github.com/OperatorFoundation/Chord",
      "state" : {
        "branch" : "main",
        "revision" : "b06309aaea8cef5d55dd4811aca296a332364224"
      }
    },
    {
      "identity" : "datable",
      "kind" : "remoteSourceControl",
      "location" : "https://github.com/OperatorFoundation/Datable",
      "state" : {
        "branch" : "main",
        "revision" : "19a6479e2077259cf5ef7875b0ba34ab24e65d73"
      }
    },
    {
      "identity" : "dice",
      "kind" : "remoteSourceControl",
      "location" : "https://github.com/OperatorFoundation/Dice",
      "state" : {
        "branch" : "main",
        "revision" : "1b39acee2ce5edc679ba4cf7d2d9925518bb6935"
      }
    },
    {
      "identity" : "gardener",
      "kind" : "remoteSourceControl",
      "location" : "https://github.com/OperatorFoundation/Gardener",
      "state" : {
        "branch" : "main",
        "revision" : "88d8aca4db6fab560820a5d9c80a4d5a2c53c7ed"
      }
    },
    {
      "identity" : "glob",
      "kind" : "remoteSourceControl",
      "location" : "https://github.com/Bouke/Glob",
      "state" : {
        "revision" : "deda6e163d2ff2a8d7e138e2c3326dbd71157faf",
        "version" : "1.0.5"
      }
    },
    {
      "identity" : "keychain",
      "kind" : "remoteSourceControl",
      "location" : "https://github.com/OperatorFoundation/Keychain",
      "state" : {
        "branch" : "main",
        "revision" : "23f0b0418e418de2d2cb5ec2d89c641585794147"
      }
    },
    {
      "identity" : "keychaincli",
      "kind" : "remoteSourceControl",
      "location" : "https://github.com/OperatorFoundation/KeychainCli",
      "state" : {
        "branch" : "main",
        "revision" : "19200d0e212fa67558cab91b8d51d86fbe384435"
      }
    },
    {
      "identity" : "keychainlinux",
      "kind" : "remoteSourceControl",
      "location" : "https://github.com/OperatorFoundation/KeychainLinux.git",
      "state" : {
        "branch" : "main",
        "revision" : "39bbb8cbc330a5c51f17b04e46833637a5221672"
      }
    },
    {
      "identity" : "keychainmacos",
      "kind" : "remoteSourceControl",
      "location" : "https://github.com/OperatorFoundation/KeychainMacOS.git",
      "state" : {
        "branch" : "main",
        "revision" : "e25018566610c7ea45c00e6f2ef081fcfa1efed9"
      }
    },
    {
      "identity" : "keychaintypes",
      "kind" : "remoteSourceControl",
      "location" : "https://github.com/OperatorFoundation/KeychainTypes.git",
      "state" : {
        "branch" : "main",
        "revision" : "430ed1a2d73a7d8b47a70a6db4be1bd2275fe3a4"
      }
    },
    {
      "identity" : "nametag",
      "kind" : "remoteSourceControl",
      "location" : "https://github.com/OperatorFoundation/Nametag",
      "state" : {
        "branch" : "main",
        "revision" : "82d724a8df3c49815ed95e6916c116795193507e"
      }
    },
    {
      "identity" : "net",
      "kind" : "remoteSourceControl",
      "location" : "https://github.com/OperatorFoundation/Net.git",
      "state" : {
        "branch" : "main",
        "revision" : "1f2b5be69ca3bd9e1a4c5c4c393e5a8bfddafc21"
      }
    },
    {
      "identity" : "parchment",
      "kind" : "remoteSourceControl",
      "location" : "https://github.com/OperatorFoundation/Parchment",
      "state" : {
        "branch" : "main",
        "revision" : "aad51f496890b8a9db2e0d9609f48d1a88eca33b"
      }
    },
    {
      "identity" : "parchmenttypes",
      "kind" : "remoteSourceControl",
      "location" : "https://github.com/OperatorFoundation/ParchmentTypes",
      "state" : {
        "branch" : "main",
        "revision" : "d5b25155e33f64ef247173a98ea1c4586c4fff1e"
      }
    },
    {
      "identity" : "puppy",
      "kind" : "remoteSourceControl",
      "location" : "https://github.com/sushichop/Puppy.git",
      "state" : {
        "revision" : "9f3cf02dc92bc233e40ba8a66af20abb97978929",
        "version" : "0.6.0"
      }
    },
    {
      "identity" : "sortedarray",
      "kind" : "remoteSourceControl",
      "location" : "https://github.com/ole/SortedArray.git",
      "state" : {
        "revision" : "a521f750fccb0743ad082b7cb890a62e132c4fbf",
        "version" : "0.7.0"
      }
    },
    {
      "identity" : "spacetime",
      "kind" : "remoteSourceControl",
      "location" : "https://github.com/OperatorFoundation/Spacetime",
      "state" : {
        "branch" : "main",
        "revision" : "5e13c6401a3961b5f966c7e426e9b3cb794ab1f4"
      }
    },
    {
      "identity" : "swift-argument-parser",
      "kind" : "remoteSourceControl",
      "location" : "https://github.com/apple/swift-argument-parser",
      "state" : {
        "revision" : "4ad606ba5d7673ea60679a61ff867cc1ff8c8e86",
        "version" : "1.2.1"
      }
    },
    {
      "identity" : "swift-ast",
      "kind" : "remoteSourceControl",
      "location" : "https://github.com/OperatorFoundation/swift-ast",
      "state" : {
        "branch" : "main",
        "revision" : "d7e0cf0d9d3b90831a1c297ce911a338a4bd44f3"
      }
    },
    {
      "identity" : "swift-atomics",
      "kind" : "remoteSourceControl",
      "location" : "https://github.com/apple/swift-atomics.git",
      "state" : {
        "revision" : "ff3d2212b6b093db7f177d0855adbc4ef9c5f036",
        "version" : "1.0.3"
      }
    },
    {
      "identity" : "swift-backtrace",
      "kind" : "remoteSourceControl",
      "location" : "https://github.com/swift-server/swift-backtrace.git",
      "state" : {
        "revision" : "f25620d5d05e2f1ba27154b40cafea2b67566956",
        "version" : "1.3.3"
      }
    },
    {
      "identity" : "swift-collections",
      "kind" : "remoteSourceControl",
      "location" : "https://github.com/apple/swift-collections.git",
      "state" : {
        "revision" : "937e904258d22af6e447a0b72c0bc67583ef64a2",
        "version" : "1.0.4"
      }
    },
    {
      "identity" : "swift-crypto",
      "kind" : "remoteSourceControl",
      "location" : "https://github.com/apple/swift-crypto",
      "state" : {
        "revision" : "75ec60b8b4cc0f085c3ac414f3dca5625fa3588e",
        "version" : "2.2.4"
      }
    },
    {
      "identity" : "swift-log",
      "kind" : "remoteSourceControl",
      "location" : "https://github.com/apple/swift-log.git",
      "state" : {
        "revision" : "6fe203dc33195667ce1759bf0182975e4653ba1c",
        "version" : "1.4.4"
      }
    },
    {
      "identity" : "swift-metrics",
      "kind" : "remoteSourceControl",
      "location" : "https://github.com/apple/swift-metrics.git",
      "state" : {
        "revision" : "e8bced74bc6d747745935e469f45d03f048d6cbd",
        "version" : "2.3.4"
      }
    },
    {
      "identity" : "swift-nio",
      "kind" : "remoteSourceControl",
      "location" : "https://github.com/apple/swift-nio.git",
      "state" : {
        "revision" : "45167b8006448c79dda4b7bd604e07a034c15c49",
        "version" : "2.48.0"
      }
    },
    {
      "identity" : "swift-service-lifecycle",
      "kind" : "remoteSourceControl",
      "location" : "https://github.com/swift-server/swift-service-lifecycle",
      "state" : {
        "revision" : "22363fed316cd9942b56bcd1a1df8875df79b794",
        "version" : "1.0.0-alpha.11"
      }
    },
    {
      "identity" : "swift-system",
      "kind" : "remoteSourceControl",
      "location" : "https://github.com/apple/swift-system",
      "state" : {
        "revision" : "025bcb1165deab2e20d4eaba79967ce73013f496",
        "version" : "1.2.1"
      }
    },
    {
      "identity" : "swifthextools",
      "kind" : "remoteSourceControl",
      "location" : "https://github.com/OperatorFoundation/SwiftHexTools",
      "state" : {
        "branch" : "main",
        "revision" : "3d4b5a925414481ff82fe53b9062560a269c2679"
      }
    },
    {
      "identity" : "swiftqueue",
      "kind" : "remoteSourceControl",
      "location" : "https://github.com/OperatorFoundation/SwiftQueue",
      "state" : {
        "branch" : "main",
        "revision" : "5d59db6aa86b7e1b419c027af1a61f2572475538"
      }
    },
    {
      "identity" : "transmission",
      "kind" : "remoteSourceControl",
      "location" : "https://github.com/OperatorFoundation/Transmission",
      "state" : {
        "branch" : "main",
        "revision" : "765db4b7b710489af462e516a4c045f5ccc67183"
      }
    },
    {
      "identity" : "transmissionmacos",
      "kind" : "remoteSourceControl",
      "location" : "https://github.com/OperatorFoundation/TransmissionMacOS",
      "state" : {
        "branch" : "main",
        "revision" : "daafdace367b91547ae9b87dcb25d2031afae4b0"
      }
    },
    {
      "identity" : "transmissiontypes",
      "kind" : "remoteSourceControl",
      "location" : "https://github.com/OperatorFoundation/TransmissionTypes.git",
      "state" : {
        "branch" : "main",
        "revision" : "26ef78ebcd37c98aaa5d0f0f484e674a5f3343f9"
      }
    },
    {
      "identity" : "transport",
      "kind" : "remoteSourceControl",
      "location" : "https://github.com/OperatorFoundation/Transport",
      "state" : {
        "branch" : "main",
        "revision" : "6b8c0933859dfe6a4a5d93100c387279d12675b2"
      }
    }
  ],
  "version" : 2
}
